{
  "name": "@fablebook/lab-01",
  "version": "1.0.0",
  "lockfileVersion": 3,
  "requires": true,
  "packages": {
    "": {
      "name": "@fablebook/lab-01",
      "version": "1.0.0",
      "workspaces": [
        "packages/*"
      ]
    },
    "node_modules/@fablebook/lab-01-addon": {
      "resolved": "packages/addon",
      "link": true
    },
    "node_modules/@fablebook/lab-01-core": {
      "resolved": "packages/core",
      "link": true
    },
    "packages/addon": {
      "name": "@fablebook/lab-01-addon",
      "version": "1.0.0",
      "dependencies": {
        "@fablebook/lab-01-core": "1.0.0"
      }
    },
    "packages/core": {
      "name": "@fablebook/lab-01-core",
      "version": "1.0.0"
    }
  }
}
